
Microsoft Visual Studio Solution File, Format Version 12.00
# Visual Studio Version 16
VisualStudioVersion = 16.0.29001.49
MinimumVisualStudioVersion = 10.0.40219.1
Project("{9A19103F-16F7-4668-BE54-9A1E7A4F7556}") = "AWSServerlessDemo", "AWSServerlessDemo\AWSServerlessDemo.csproj", "{4A1BD315-E43A-49C3-8C33-4BAFD3972DEB}"
EndProject
Global
	GlobalSection(SolutionConfigurationPlatforms) = preSolution
		Debug|Any CPU = Debug|Any CPU
		Release|Any CPU = Release|Any CPU
	EndGlobalSection
	GlobalSection(ProjectConfigurationPlatforms) = postSolution
		{4A1BD315-E43A-49C3-8C33-4BAFD3972DEB}.Debug|Any CPU.ActiveCfg = Debug|Any CPU
		{4A1BD315-E43A-49C3-8C33-4BAFD3972DEB}.Debug|Any CPU.Build.0 = Debug|Any CPU
		{4A1BD315-E43A-49C3-8C33-4BAFD3972DEB}.Release|Any CPU.ActiveCfg = Release|Any CPU
		{4A1BD315-E43A-49C3-8C33-4BAFD3972DEB}.Release|Any CPU.Build.0 = Release|Any CPU
	EndGlobalSection
	GlobalSection(SolutionProperties) = preSolution
		HideSolutionNode = FALSE
	EndGlobalSection
	GlobalSection(ExtensibilityGlobals) = postSolution
		SolutionGuid = {32B9370E-49E3-4AE3-9283-92A47E70C559}
	EndGlobalSection
EndGlobal
